
Microsoft Visual Studio Solution File, Format Version 12.00
# Visual Studio 15
VisualStudioVersion = 15.0.27703.2047
MinimumVisualStudioVersion = 10.0.40219.1
Project("{FAE04EC0-301F-11D3-BF4B-00C04F79EFBC}") = "ConsoleApp", "ConsoleApp\ConsoleApp.csproj", "{E4EFA546-E03A-47E8-B5A8-9A2E62BDABAD}"
EndProject
Project("{00D1A9C2-B5F0-4AF3-8072-F6C62B433612}") = "SchoolDatabase", "SchoolDatabase\SchoolDatabase.sqlproj", "{8C2C91FF-237B-49C4-B0B6-02914B24B206}"
EndProject
Project("{9A19103F-16F7-4668-BE54-9A1E7A4F7556}") = "School.Web", "School.Web\School.Web.csproj", "{6823EBFC-CCAC-4FEA-B42B-B6DFA5B667CC}"
EndProject
Project("{9A19103F-16F7-4668-BE54-9A1E7A4F7556}") = "School.Web.Api", "School.Web.Api\School.Web.Api.csproj", "{B4500F8E-49BE-4363-971A-2269E157ED33}"
EndProject
Project("{9A19103F-16F7-4668-BE54-9A1E7A4F7556}") = "School.Entities", "School.Entities\School.Entities.csproj", "{5A518795-6EA5-446F-B00D-69B477F04908}"
EndProject
Project("{9A19103F-16F7-4668-BE54-9A1E7A4F7556}") = "School.Dtos", "School.Dtos\School.Dtos.csproj", "{A7970804-53FC-44B2-90C9-87DE36382108}"
EndProject
Project("{9A19103F-16F7-4668-BE54-9A1E7A4F7556}") = "School.DataAccess", "School.DataAccess\School.DataAccess.csproj", "{E6154B89-C536-4F61-8AB4-6B4773F8D8FB}"
EndProject
Project("{9A19103F-16F7-4668-BE54-9A1E7A4F7556}") = "School.BussinesLayer", "School.BussinesLayer\School.BussinesLayer.csproj", "{8165238F-C0AF-4927-A261-8DFA0EC05D4C}"
EndProject
Project("{2150E333-8FDC-42A3-9474-1A3956D46DE8}") = "Web", "Web", "{2686BD86-1CF4-4C69-9934-4D8869C412C1}"
EndProject
Project("{2150E333-8FDC-42A3-9474-1A3956D46DE8}") = "Api", "Api", "{46D242A4-B8B4-4622-9158-197F32755682}"
EndProject
Project("{2150E333-8FDC-42A3-9474-1A3956D46DE8}") = "Database", "Database", "{15F36D7B-DB4C-4C1E-8907-FB230E464250}"
EndProject
Project("{2150E333-8FDC-42A3-9474-1A3956D46DE8}") = "NetCore", "NetCore", "{530C1719-82D7-48CF-BBA1-449E4FDE6BFE}"
EndProject
Project("{2150E333-8FDC-42A3-9474-1A3956D46DE8}") = "NetFramework", "NetFramework", "{76FF7178-E991-4120-A161-E452FEF84D9E}"
EndProject
Project("{FAE04EC0-301F-11D3-BF4B-00C04F79EFBC}") = "School.Entities.EF6", "School.Entities.EF6\School.Entities.EF6.csproj", "{A68C4617-30F1-4FE3-A91A-E89924069FF9}"
EndProject
Project("{FAE04EC0-301F-11D3-BF4B-00C04F79EFBC}") = "School.Entities.DTOs", "School.Entities.DTOs\School.Entities.DTOs.csproj", "{A092CF0B-B9E7-4A98-9779-AE387FDEBD1F}"
EndProject
Project("{FAE04EC0-301F-11D3-BF4B-00C04F79EFBC}") = "School.NetFramework.DataAccess", "School.NetFramework.DataAccess\School.NetFramework.DataAccess.csproj", "{88F0C776-AAE1-4D3F-8CCE-95CED1E24789}"
EndProject
Project("{FAE04EC0-301F-11D3-BF4B-00C04F79EFBC}") = "School.NetFramework.Bussiness", "School.NetFramework.Bussiness\School.NetFramework.Bussiness.csproj", "{D1F50E88-6FAC-4316-B171-FC677D330D9E}"
EndProject
Project("{FAE04EC0-301F-11D3-BF4B-00C04F79EFBC}") = "School.NetFramework.Api", "School.NetFramework.Api\School.NetFramework.Api.csproj", "{E70AD582-E5B8-4C5E-95F6-80FA38CA5749}"
EndProject
Global
	GlobalSection(SolutionConfigurationPlatforms) = preSolution
		Debug|Any CPU = Debug|Any CPU
		Release|Any CPU = Release|Any CPU
	EndGlobalSection
	GlobalSection(ProjectConfigurationPlatforms) = postSolution
		{E4EFA546-E03A-47E8-B5A8-9A2E62BDABAD}.Debug|Any CPU.ActiveCfg = Debug|Any CPU
		{E4EFA546-E03A-47E8-B5A8-9A2E62BDABAD}.Debug|Any CPU.Build.0 = Debug|Any CPU
		{E4EFA546-E03A-47E8-B5A8-9A2E62BDABAD}.Release|Any CPU.ActiveCfg = Release|Any CPU
		{E4EFA546-E03A-47E8-B5A8-9A2E62BDABAD}.Release|Any CPU.Build.0 = Release|Any CPU
		{8C2C91FF-237B-49C4-B0B6-02914B24B206}.Debug|Any CPU.ActiveCfg = Debug|Any CPU
		{8C2C91FF-237B-49C4-B0B6-02914B24B206}.Debug|Any CPU.Build.0 = Debug|Any CPU
		{8C2C91FF-237B-49C4-B0B6-02914B24B206}.Debug|Any CPU.Deploy.0 = Debug|Any CPU
		{8C2C91FF-237B-49C4-B0B6-02914B24B206}.Release|Any CPU.ActiveCfg = Release|Any CPU
		{8C2C91FF-237B-49C4-B0B6-02914B24B206}.Release|Any CPU.Build.0 = Release|Any CPU
		{8C2C91FF-237B-49C4-B0B6-02914B24B206}.Release|Any CPU.Deploy.0 = Release|Any CPU
		{6823EBFC-CCAC-4FEA-B42B-B6DFA5B667CC}.Debug|Any CPU.ActiveCfg = Debug|Any CPU
		{6823EBFC-CCAC-4FEA-B42B-B6DFA5B667CC}.Debug|Any CPU.Build.0 = Debug|Any CPU
		{6823EBFC-CCAC-4FEA-B42B-B6DFA5B667CC}.Release|Any CPU.ActiveCfg = Release|Any CPU
		{6823EBFC-CCAC-4FEA-B42B-B6DFA5B667CC}.Release|Any CPU.Build.0 = Release|Any CPU
		{B4500F8E-49BE-4363-971A-2269E157ED33}.Debug|Any CPU.ActiveCfg = Debug|Any CPU
		{B4500F8E-49BE-4363-971A-2269E157ED33}.Debug|Any CPU.Build.0 = Debug|Any CPU
		{B4500F8E-49BE-4363-971A-2269E157ED33}.Release|Any CPU.ActiveCfg = Release|Any CPU
		{B4500F8E-49BE-4363-971A-2269E157ED33}.Release|Any CPU.Build.0 = Release|Any CPU
		{5A518795-6EA5-446F-B00D-69B477F04908}.Debug|Any CPU.ActiveCfg = Debug|Any CPU
		{5A518795-6EA5-446F-B00D-69B477F04908}.Debug|Any CPU.Build.0 = Debug|Any CPU
		{5A518795-6EA5-446F-B00D-69B477F04908}.Release|Any CPU.ActiveCfg = Release|Any CPU
		{5A518795-6EA5-446F-B00D-69B477F04908}.Release|Any CPU.Build.0 = Release|Any CPU
		{A7970804-53FC-44B2-90C9-87DE36382108}.Debug|Any CPU.ActiveCfg = Debug|Any CPU
		{A7970804-53FC-44B2-90C9-87DE36382108}.Debug|Any CPU.Build.0 = Debug|Any CPU
		{A7970804-53FC-44B2-90C9-87DE36382108}.Release|Any CPU.ActiveCfg = Release|Any CPU
		{A7970804-53FC-44B2-90C9-87DE36382108}.Release|Any CPU.Build.0 = Release|Any CPU
		{E6154B89-C536-4F61-8AB4-6B4773F8D8FB}.Debug|Any CPU.ActiveCfg = Debug|Any CPU
		{E6154B89-C536-4F61-8AB4-6B4773F8D8FB}.Debug|Any CPU.Build.0 = Debug|Any CPU
		{E6154B89-C536-4F61-8AB4-6B4773F8D8FB}.Release|Any CPU.ActiveCfg = Release|Any CPU
		{E6154B89-C536-4F61-8AB4-6B4773F8D8FB}.Release|Any CPU.Build.0 = Release|Any CPU
		{8165238F-C0AF-4927-A261-8DFA0EC05D4C}.Debug|Any CPU.ActiveCfg = Debug|Any CPU
		{8165238F-C0AF-4927-A261-8DFA0EC05D4C}.Debug|Any CPU.Build.0 = Debug|Any CPU
		{8165238F-C0AF-4927-A261-8DFA0EC05D4C}.Release|Any CPU.ActiveCfg = Release|Any CPU
		{8165238F-C0AF-4927-A261-8DFA0EC05D4C}.Release|Any CPU.Build.0 = Release|Any CPU
		{A68C4617-30F1-4FE3-A91A-E89924069FF9}.Debug|Any CPU.ActiveCfg = Debug|Any CPU
		{A68C4617-30F1-4FE3-A91A-E89924069FF9}.Debug|Any CPU.Build.0 = Debug|Any CPU
		{A68C4617-30F1-4FE3-A91A-E89924069FF9}.Release|Any CPU.ActiveCfg = Release|Any CPU
		{A68C4617-30F1-4FE3-A91A-E89924069FF9}.Release|Any CPU.Build.0 = Release|Any CPU
		{A092CF0B-B9E7-4A98-9779-AE387FDEBD1F}.Debug|Any CPU.ActiveCfg = Debug|Any CPU
		{A092CF0B-B9E7-4A98-9779-AE387FDEBD1F}.Debug|Any CPU.Build.0 = Debug|Any CPU
		{A092CF0B-B9E7-4A98-9779-AE387FDEBD1F}.Release|Any CPU.ActiveCfg = Release|Any CPU
		{A092CF0B-B9E7-4A98-9779-AE387FDEBD1F}.Release|Any CPU.Build.0 = Release|Any CPU
		{88F0C776-AAE1-4D3F-8CCE-95CED1E24789}.Debug|Any CPU.ActiveCfg = Debug|Any CPU
		{88F0C776-AAE1-4D3F-8CCE-95CED1E24789}.Debug|Any CPU.Build.0 = Debug|Any CPU
		{88F0C776-AAE1-4D3F-8CCE-95CED1E24789}.Release|Any CPU.ActiveCfg = Release|Any CPU
		{88F0C776-AAE1-4D3F-8CCE-95CED1E24789}.Release|Any CPU.Build.0 = Release|Any CPU
		{D1F50E88-6FAC-4316-B171-FC677D330D9E}.Debug|Any CPU.ActiveCfg = Debug|Any CPU
		{D1F50E88-6FAC-4316-B171-FC677D330D9E}.Debug|Any CPU.Build.0 = Debug|Any CPU
		{D1F50E88-6FAC-4316-B171-FC677D330D9E}.Release|Any CPU.ActiveCfg = Release|Any CPU
		{D1F50E88-6FAC-4316-B171-FC677D330D9E}.Release|Any CPU.Build.0 = Release|Any CPU
		{E70AD582-E5B8-4C5E-95F6-80FA38CA5749}.Debug|Any CPU.ActiveCfg = Debug|Any CPU
		{E70AD582-E5B8-4C5E-95F6-80FA38CA5749}.Debug|Any CPU.Build.0 = Debug|Any CPU
		{E70AD582-E5B8-4C5E-95F6-80FA38CA5749}.Release|Any CPU.ActiveCfg = Release|Any CPU
		{E70AD582-E5B8-4C5E-95F6-80FA38CA5749}.Release|Any CPU.Build.0 = Release|Any CPU
	EndGlobalSection
	GlobalSection(SolutionProperties) = preSolution
		HideSolutionNode = FALSE
	EndGlobalSection
	GlobalSection(NestedProjects) = preSolution
		{8C2C91FF-237B-49C4-B0B6-02914B24B206} = {15F36D7B-DB4C-4C1E-8907-FB230E464250}
		{6823EBFC-CCAC-4FEA-B42B-B6DFA5B667CC} = {2686BD86-1CF4-4C69-9934-4D8869C412C1}
		{B4500F8E-49BE-4363-971A-2269E157ED33} = {530C1719-82D7-48CF-BBA1-449E4FDE6BFE}
		{5A518795-6EA5-446F-B00D-69B477F04908} = {530C1719-82D7-48CF-BBA1-449E4FDE6BFE}
		{A7970804-53FC-44B2-90C9-87DE36382108} = {530C1719-82D7-48CF-BBA1-449E4FDE6BFE}
		{E6154B89-C536-4F61-8AB4-6B4773F8D8FB} = {530C1719-82D7-48CF-BBA1-449E4FDE6BFE}
		{8165238F-C0AF-4927-A261-8DFA0EC05D4C} = {530C1719-82D7-48CF-BBA1-449E4FDE6BFE}
		{530C1719-82D7-48CF-BBA1-449E4FDE6BFE} = {46D242A4-B8B4-4622-9158-197F32755682}
		{76FF7178-E991-4120-A161-E452FEF84D9E} = {46D242A4-B8B4-4622-9158-197F32755682}
		{A68C4617-30F1-4FE3-A91A-E89924069FF9} = {76FF7178-E991-4120-A161-E452FEF84D9E}
		{A092CF0B-B9E7-4A98-9779-AE387FDEBD1F} = {76FF7178-E991-4120-A161-E452FEF84D9E}
		{88F0C776-AAE1-4D3F-8CCE-95CED1E24789} = {76FF7178-E991-4120-A161-E452FEF84D9E}
		{D1F50E88-6FAC-4316-B171-FC677D330D9E} = {76FF7178-E991-4120-A161-E452FEF84D9E}
		{E70AD582-E5B8-4C5E-95F6-80FA38CA5749} = {76FF7178-E991-4120-A161-E452FEF84D9E}
	EndGlobalSection
	GlobalSection(ExtensibilityGlobals) = postSolution
		SolutionGuid = {0C76BC1D-9DFF-4044-B394-F86221817B22}
	EndGlobalSection
EndGlobal
