{
  "requires": true,
  "lockfileVersion": 1,
  "dependencies": {
    "angular-text-input-autocomplete": {
      "version": "0.3.0",
      "resolved": "https://registry.npmjs.org/angular-text-input-autocomplete/-/angular-text-input-autocomplete-0.3.0.tgz",
      "integrity": "sha512-0oZBc1YhPalu7gOHqW8nEnkslnR+hcpnB79qV63opZbga1c0pfL4/MeKjVxW6SBauLCFAVoO1Mka0kwT80DSyw==",
      "requires": {
        "textarea-caret": "3.1.0",
        "tslib": "1.9.3"
      }
    },
    "keyboardevent-key-polyfill": {
      "version": "1.1.0",
      "resolved": "https://registry.npmjs.org/keyboardevent-key-polyfill/-/keyboardevent-key-polyfill-1.1.0.tgz",
      "integrity": "sha1-ijGdjkWhMXL8pWKGNy+QwdTHAUw="
    },
    "textarea-caret": {
      "version": "3.1.0",
      "resolved": "https://registry.npmjs.org/textarea-caret/-/textarea-caret-3.1.0.tgz",
      "integrity": "sha512-cXAvzO9pP5CGa6NKx0WYHl+8CHKZs8byMkt3PCJBCmq2a34YA9pO1NrQET5pzeqnBjBdToF5No4rrmkDUgQC2Q=="
    },
    "tslib": {
      "version": "1.9.3",
      "resolved": "https://registry.npmjs.org/tslib/-/tslib-1.9.3.tgz",
      "integrity": "sha512-4krF8scpejhaOgqzBEcGM7yDIEfi0/8+8zDRZhNZZ2kjmHJ4hv3zCbQWxoJGz1iw5U0Jl0nma13xzHXcncMavQ=="
    }
  }
}
